<Solution>
  <Folder Name="/App/">
    <File Path="App/Feuerwehr.App/Directory.Packages.props" />
    <Project Path="App/Feuerwehr.App/Feuerwehr.App.Android/Feuerwehr.App.Android.csproj">
      <Deploy />
    </Project>
    <Project Path="App/Feuerwehr.App/Feuerwehr.App.Desktop/Feuerwehr.App.Desktop.csproj" />
    <Project Path="App/Feuerwehr.App/Feuerwehr.App.iOS/Feuerwehr.App.iOS.csproj">
      <Deploy />
    </Project>
    <Project Path="App/Feuerwehr.App/Feuerwehr.App/Feuerwehr.App.csproj" />
  </Folder>
  <Folder Name="/Backend/">
    <Project Path="Backend/Feuerwehr.Server/Feuerwehr.Server.csproj" />
  </Folder>
  <Project Path="Feuerwehr.AppHost/Feuerwehr.AppHost.csproj" />
  <Project Path="Feuerwehr.Common/Feuerwehr.Common.csproj" Id="e1f90ef1-d86c-4bdd-8e80-f1745049dc68" />
  <Project Path="frontend/frontend.esproj">
    <Build />
    <Deploy />
  </Project>
</Solution>
